
Microsoft Visual Studio Solution File, Format Version 12.00
# Visual Studio Version 16
VisualStudioVersion = 16.0.32106.194
MinimumVisualStudioVersion = 10.0.40219.1
Project("{8BC9CEB8-8B4A-11D0-8D11-00A0C91BC942}") = "AsyncEcho", "AsyncEcho.vcxproj", "{926E4E2C-F151-4782-9D08-709D9920408F}"
EndProject
Global
	GlobalSection(SolutionConfigurationPlatforms) = preSolution
		Debug|x64 = Debug|x64
		Debug|x86 = Debug|x86
		Release|x64 = Release|x64
		Release|x86 = Release|x86
	EndGlobalSection
	GlobalSection(ProjectConfigurationPlatforms) = postSolution
		{926E4E2C-F151-4782-9D08-709D9920408F}.Debug|x64.ActiveCfg = Debug|x64
		{926E4E2C-F151-4782-9D08-709D9920408F}.Debug|x64.Build.0 = Debug|x64
		{926E4E2C-F151-4782-9D08-709D9920408F}.Debug|x86.ActiveCfg = Debug|Win32
		{926E4E2C-F151-4782-9D08-709D9920408F}.Debug|x86.Build.0 = Debug|Win32
		{926E4E2C-F151-4782-9D08-709D9920408F}.Release|x64.ActiveCfg = Release|x64
		{926E4E2C-F151-4782-9D08-709D9920408F}.Release|x64.Build.0 = Release|x64
		{926E4E2C-F151-4782-9D08-709D9920408F}.Release|x86.ActiveCfg = Release|Win32
		{926E4E2C-F151-4782-9D08-709D9920408F}.Release|x86.Build.0 = Release|Win32
	EndGlobalSection
	GlobalSection(SolutionProperties) = preSolution
		HideSolutionNode = FALSE
	EndGlobalSection
	GlobalSection(ExtensibilityGlobals) = postSolution
		SolutionGuid = {6B13037E-0122-443D-9214-BDAF71B7CFE9}
	EndGlobalSection
EndGlobal
